
Microsoft Visual Studio Solution File, Format Version 11.00
# Visual Studio 2010
Project("{FAE04EC0-301F-11D3-BF4B-00C04F79EFBC}") = "ConnectFour", "assign5\assign5\ConnectFour.csproj", "{6C29C447-A83D-4DF9-B0C8-F9527868600C}"
EndProject
Project("{FAE04EC0-301F-11D3-BF4B-00C04F79EFBC}") = "ConnectFourContent", "assign5\assign5Content\ConnectFourContent.contentproj", "{4071F797-7D14-473E-BD24-7360E8354ECB}"
EndProject
Global
	GlobalSection(SolutionConfigurationPlatforms) = preSolution
		Debug|x86 = Debug|x86
		Release|x86 = Release|x86
	EndGlobalSection
	GlobalSection(ProjectConfigurationPlatforms) = postSolution
		{6C29C447-A83D-4DF9-B0C8-F9527868600C}.Debug|x86.ActiveCfg = Debug|x86
		{6C29C447-A83D-4DF9-B0C8-F9527868600C}.Debug|x86.Build.0 = Debug|x86
		{6C29C447-A83D-4DF9-B0C8-F9527868600C}.Release|x86.ActiveCfg = Release|x86
		{6C29C447-A83D-4DF9-B0C8-F9527868600C}.Release|x86.Build.0 = Release|x86
		{4071F797-7D14-473E-BD24-7360E8354ECB}.Debug|x86.ActiveCfg = Debug|x86
		{4071F797-7D14-473E-BD24-7360E8354ECB}.Release|x86.ActiveCfg = Release|x86
	EndGlobalSection
	GlobalSection(SolutionProperties) = preSolution
		HideSolutionNode = FALSE
	EndGlobalSection
EndGlobal
